
Microsoft Visual Studio Solution File, Format Version 12.00
# Visual Studio 14
VisualStudioVersion = 14.0.25420.1
MinimumVisualStudioVersion = 10.0.40219.1
Project("{FAE04EC0-301F-11D3-BF4B-00C04F79EFBC}") = "Cells", "Cells\Cells.csproj", "{7B1ABFDB-5155-425D-BEAF-47C6A1ED9C39}"
EndProject
Project("{FAE04EC0-301F-11D3-BF4B-00C04F79EFBC}") = "DataStructures", "DataStructures\DataStructures.csproj", "{8071245E-D6BD-4011-982E-565E87740BEE}"
EndProject
Project("{FAE04EC0-301F-11D3-BF4B-00C04F79EFBC}") = "Model", "Model\Model.csproj", "{282D6E66-4BD0-442F-899C-27BFD50C49FC}"
EndProject
Project("{FAE04EC0-301F-11D3-BF4B-00C04F79EFBC}") = "ModelTests", "ModelTests\ModelTests.csproj", "{617957D7-432E-4E2B-84D9-99E9D0E15636}"
EndProject
Project("{FAE04EC0-301F-11D3-BF4B-00C04F79EFBC}") = "View", "View\View.csproj", "{DF461217-8BE2-4D89-9F1E-1F7E86ED286F}"
EndProject
Project("{FAE04EC0-301F-11D3-BF4B-00C04F79EFBC}") = "ViewModel", "ViewModel\ViewModel.csproj", "{4FE81928-1DD5-4CA5-B18A-048E0D78B426}"
EndProject
Global
	GlobalSection(SolutionConfigurationPlatforms) = preSolution
		Debug|Any CPU = Debug|Any CPU
		Debug|ARM = Debug|ARM
		Debug|x64 = Debug|x64
		Debug|x86 = Debug|x86
		Release|Any CPU = Release|Any CPU
		Release|ARM = Release|ARM
		Release|x64 = Release|x64
		Release|x86 = Release|x86
	EndGlobalSection
	GlobalSection(ProjectConfigurationPlatforms) = postSolution
		{7B1ABFDB-5155-425D-BEAF-47C6A1ED9C39}.Debug|Any CPU.ActiveCfg = Debug|Any CPU
		{7B1ABFDB-5155-425D-BEAF-47C6A1ED9C39}.Debug|Any CPU.Build.0 = Debug|Any CPU
		{7B1ABFDB-5155-425D-BEAF-47C6A1ED9C39}.Debug|ARM.ActiveCfg = Debug|Any CPU
		{7B1ABFDB-5155-425D-BEAF-47C6A1ED9C39}.Debug|ARM.Build.0 = Debug|Any CPU
		{7B1ABFDB-5155-425D-BEAF-47C6A1ED9C39}.Debug|x64.ActiveCfg = Debug|Any CPU
		{7B1ABFDB-5155-425D-BEAF-47C6A1ED9C39}.Debug|x64.Build.0 = Debug|Any CPU
		{7B1ABFDB-5155-425D-BEAF-47C6A1ED9C39}.Debug|x86.ActiveCfg = Debug|Any CPU
		{7B1ABFDB-5155-425D-BEAF-47C6A1ED9C39}.Debug|x86.Build.0 = Debug|Any CPU
		{7B1ABFDB-5155-425D-BEAF-47C6A1ED9C39}.Release|Any CPU.ActiveCfg = Release|Any CPU
		{7B1ABFDB-5155-425D-BEAF-47C6A1ED9C39}.Release|Any CPU.Build.0 = Release|Any CPU
		{7B1ABFDB-5155-425D-BEAF-47C6A1ED9C39}.Release|ARM.ActiveCfg = Release|Any CPU
		{7B1ABFDB-5155-425D-BEAF-47C6A1ED9C39}.Release|ARM.Build.0 = Release|Any CPU
		{7B1ABFDB-5155-425D-BEAF-47C6A1ED9C39}.Release|x64.ActiveCfg = Release|Any CPU
		{7B1ABFDB-5155-425D-BEAF-47C6A1ED9C39}.Release|x64.Build.0 = Release|Any CPU
		{7B1ABFDB-5155-425D-BEAF-47C6A1ED9C39}.Release|x86.ActiveCfg = Release|Any CPU
		{7B1ABFDB-5155-425D-BEAF-47C6A1ED9C39}.Release|x86.Build.0 = Release|Any CPU
		{8071245E-D6BD-4011-982E-565E87740BEE}.Debug|Any CPU.ActiveCfg = Debug|Any CPU
		{8071245E-D6BD-4011-982E-565E87740BEE}.Debug|Any CPU.Build.0 = Debug|Any CPU
		{8071245E-D6BD-4011-982E-565E87740BEE}.Debug|ARM.ActiveCfg = Debug|Any CPU
		{8071245E-D6BD-4011-982E-565E87740BEE}.Debug|ARM.Build.0 = Debug|Any CPU
		{8071245E-D6BD-4011-982E-565E87740BEE}.Debug|x64.ActiveCfg = Debug|Any CPU
		{8071245E-D6BD-4011-982E-565E87740BEE}.Debug|x64.Build.0 = Debug|Any CPU
		{8071245E-D6BD-4011-982E-565E87740BEE}.Debug|x86.ActiveCfg = Debug|Any CPU
		{8071245E-D6BD-4011-982E-565E87740BEE}.Debug|x86.Build.0 = Debug|Any CPU
		{8071245E-D6BD-4011-982E-565E87740BEE}.Release|Any CPU.ActiveCfg = Release|Any CPU
		{8071245E-D6BD-4011-982E-565E87740BEE}.Release|Any CPU.Build.0 = Release|Any CPU
		{8071245E-D6BD-4011-982E-565E87740BEE}.Release|ARM.ActiveCfg = Release|Any CPU
		{8071245E-D6BD-4011-982E-565E87740BEE}.Release|ARM.Build.0 = Release|Any CPU
		{8071245E-D6BD-4011-982E-565E87740BEE}.Release|x64.ActiveCfg = Release|Any CPU
		{8071245E-D6BD-4011-982E-565E87740BEE}.Release|x64.Build.0 = Release|Any CPU
		{8071245E-D6BD-4011-982E-565E87740BEE}.Release|x86.ActiveCfg = Release|Any CPU
		{8071245E-D6BD-4011-982E-565E87740BEE}.Release|x86.Build.0 = Release|Any CPU
		{282D6E66-4BD0-442F-899C-27BFD50C49FC}.Debug|Any CPU.ActiveCfg = Debug|Any CPU
		{282D6E66-4BD0-442F-899C-27BFD50C49FC}.Debug|Any CPU.Build.0 = Debug|Any CPU
		{282D6E66-4BD0-442F-899C-27BFD50C49FC}.Debug|ARM.ActiveCfg = Debug|Any CPU
		{282D6E66-4BD0-442F-899C-27BFD50C49FC}.Debug|ARM.Build.0 = Debug|Any CPU
		{282D6E66-4BD0-442F-899C-27BFD50C49FC}.Debug|x64.ActiveCfg = Debug|Any CPU
		{282D6E66-4BD0-442F-899C-27BFD50C49FC}.Debug|x64.Build.0 = Debug|Any CPU
		{282D6E66-4BD0-442F-899C-27BFD50C49FC}.Debug|x86.ActiveCfg = Debug|Any CPU
		{282D6E66-4BD0-442F-899C-27BFD50C49FC}.Debug|x86.Build.0 = Debug|Any CPU
		{282D6E66-4BD0-442F-899C-27BFD50C49FC}.Release|Any CPU.ActiveCfg = Release|Any CPU
		{282D6E66-4BD0-442F-899C-27BFD50C49FC}.Release|Any CPU.Build.0 = Release|Any CPU
		{282D6E66-4BD0-442F-899C-27BFD50C49FC}.Release|ARM.ActiveCfg = Release|Any CPU
		{282D6E66-4BD0-442F-899C-27BFD50C49FC}.Release|ARM.Build.0 = Release|Any CPU
		{282D6E66-4BD0-442F-899C-27BFD50C49FC}.Release|x64.ActiveCfg = Release|Any CPU
		{282D6E66-4BD0-442F-899C-27BFD50C49FC}.Release|x64.Build.0 = Release|Any CPU
		{282D6E66-4BD0-442F-899C-27BFD50C49FC}.Release|x86.ActiveCfg = Release|Any CPU
		{282D6E66-4BD0-442F-899C-27BFD50C49FC}.Release|x86.Build.0 = Release|Any CPU
		{617957D7-432E-4E2B-84D9-99E9D0E15636}.Debug|Any CPU.ActiveCfg = Debug|Any CPU
		{617957D7-432E-4E2B-84D9-99E9D0E15636}.Debug|Any CPU.Build.0 = Debug|Any CPU
		{617957D7-432E-4E2B-84D9-99E9D0E15636}.Debug|ARM.ActiveCfg = Debug|Any CPU
		{617957D7-432E-4E2B-84D9-99E9D0E15636}.Debug|ARM.Build.0 = Debug|Any CPU
		{617957D7-432E-4E2B-84D9-99E9D0E15636}.Debug|x64.ActiveCfg = Debug|Any CPU
		{617957D7-432E-4E2B-84D9-99E9D0E15636}.Debug|x64.Build.0 = Debug|Any CPU
		{617957D7-432E-4E2B-84D9-99E9D0E15636}.Debug|x86.ActiveCfg = Debug|Any CPU
		{617957D7-432E-4E2B-84D9-99E9D0E15636}.Debug|x86.Build.0 = Debug|Any CPU
		{617957D7-432E-4E2B-84D9-99E9D0E15636}.Release|Any CPU.ActiveCfg = Release|Any CPU
		{617957D7-432E-4E2B-84D9-99E9D0E15636}.Release|Any CPU.Build.0 = Release|Any CPU
		{617957D7-432E-4E2B-84D9-99E9D0E15636}.Release|ARM.ActiveCfg = Release|Any CPU
		{617957D7-432E-4E2B-84D9-99E9D0E15636}.Release|ARM.Build.0 = Release|Any CPU
		{617957D7-432E-4E2B-84D9-99E9D0E15636}.Release|x64.ActiveCfg = Release|Any CPU
		{617957D7-432E-4E2B-84D9-99E9D0E15636}.Release|x64.Build.0 = Release|Any CPU
		{617957D7-432E-4E2B-84D9-99E9D0E15636}.Release|x86.ActiveCfg = Release|Any CPU
		{617957D7-432E-4E2B-84D9-99E9D0E15636}.Release|x86.Build.0 = Release|Any CPU
		{DF461217-8BE2-4D89-9F1E-1F7E86ED286F}.Debug|Any CPU.ActiveCfg = Debug|Any CPU
		{DF461217-8BE2-4D89-9F1E-1F7E86ED286F}.Debug|Any CPU.Build.0 = Debug|Any CPU
		{DF461217-8BE2-4D89-9F1E-1F7E86ED286F}.Debug|ARM.ActiveCfg = Debug|Any CPU
		{DF461217-8BE2-4D89-9F1E-1F7E86ED286F}.Debug|ARM.Build.0 = Debug|Any CPU
		{DF461217-8BE2-4D89-9F1E-1F7E86ED286F}.Debug|x64.ActiveCfg = Debug|Any CPU
		{DF461217-8BE2-4D89-9F1E-1F7E86ED286F}.Debug|x64.Build.0 = Debug|Any CPU
		{DF461217-8BE2-4D89-9F1E-1F7E86ED286F}.Debug|x86.ActiveCfg = Debug|Any CPU
		{DF461217-8BE2-4D89-9F1E-1F7E86ED286F}.Debug|x86.Build.0 = Debug|Any CPU
		{DF461217-8BE2-4D89-9F1E-1F7E86ED286F}.Release|Any CPU.ActiveCfg = Release|Any CPU
		{DF461217-8BE2-4D89-9F1E-1F7E86ED286F}.Release|Any CPU.Build.0 = Release|Any CPU
		{DF461217-8BE2-4D89-9F1E-1F7E86ED286F}.Release|ARM.ActiveCfg = Release|Any CPU
		{DF461217-8BE2-4D89-9F1E-1F7E86ED286F}.Release|ARM.Build.0 = Release|Any CPU
		{DF461217-8BE2-4D89-9F1E-1F7E86ED286F}.Release|x64.ActiveCfg = Release|Any CPU
		{DF461217-8BE2-4D89-9F1E-1F7E86ED286F}.Release|x64.Build.0 = Release|Any CPU
		{DF461217-8BE2-4D89-9F1E-1F7E86ED286F}.Release|x86.ActiveCfg = Release|Any CPU
		{DF461217-8BE2-4D89-9F1E-1F7E86ED286F}.Release|x86.Build.0 = Release|Any CPU
		{4FE81928-1DD5-4CA5-B18A-048E0D78B426}.Debug|Any CPU.ActiveCfg = Debug|Any CPU
		{4FE81928-1DD5-4CA5-B18A-048E0D78B426}.Debug|Any CPU.Build.0 = Debug|Any CPU
		{4FE81928-1DD5-4CA5-B18A-048E0D78B426}.Debug|ARM.ActiveCfg = Debug|Any CPU
		{4FE81928-1DD5-4CA5-B18A-048E0D78B426}.Debug|ARM.Build.0 = Debug|Any CPU
		{4FE81928-1DD5-4CA5-B18A-048E0D78B426}.Debug|x64.ActiveCfg = Debug|Any CPU
		{4FE81928-1DD5-4CA5-B18A-048E0D78B426}.Debug|x64.Build.0 = Debug|Any CPU
		{4FE81928-1DD5-4CA5-B18A-048E0D78B426}.Debug|x86.ActiveCfg = Debug|Any CPU
		{4FE81928-1DD5-4CA5-B18A-048E0D78B426}.Debug|x86.Build.0 = Debug|Any CPU
		{4FE81928-1DD5-4CA5-B18A-048E0D78B426}.Release|Any CPU.ActiveCfg = Release|Any CPU
		{4FE81928-1DD5-4CA5-B18A-048E0D78B426}.Release|Any CPU.Build.0 = Release|Any CPU
		{4FE81928-1DD5-4CA5-B18A-048E0D78B426}.Release|ARM.ActiveCfg = Release|Any CPU
		{4FE81928-1DD5-4CA5-B18A-048E0D78B426}.Release|ARM.Build.0 = Release|Any CPU
		{4FE81928-1DD5-4CA5-B18A-048E0D78B426}.Release|x64.ActiveCfg = Release|Any CPU
		{4FE81928-1DD5-4CA5-B18A-048E0D78B426}.Release|x64.Build.0 = Release|Any CPU
		{4FE81928-1DD5-4CA5-B18A-048E0D78B426}.Release|x86.ActiveCfg = Release|Any CPU
		{4FE81928-1DD5-4CA5-B18A-048E0D78B426}.Release|x86.Build.0 = Release|Any CPU
	EndGlobalSection
	GlobalSection(SolutionProperties) = preSolution
		HideSolutionNode = FALSE
	EndGlobalSection
EndGlobal
